<?xml version="1.0" encoding="utf-8"?>
<Project ToolsVersion="4.0" xmlns="http://schemas.microsoft.com/developer/msbuild/2003">
  <ItemGroup>
    <CustomBuild Include="..\CMakeFiles\ee8cae4b8beadc734d97c64e3c51ab00\INSTALL_force.rule">
      <Filter>CMake Rules</Filter>
    </CustomBuild>
  </ItemGroup>
  <ItemGroup>
    <Filter Include="CMake Rules">
      <UniqueIdentifier>{5991EC51-61CF-4447-AFAA-C54F207191AB}</UniqueIdentifier>
    </Filter>
  </ItemGroup>
</Project>
