<?xml version="1.0" encoding="utf-8"?>
<Project ToolsVersion="4.0" xmlns="http://schemas.microsoft.com/developer/msbuild/2003">
  <ItemGroup>
    <CustomBuild Include="CMakeFiles\aa70edbcf621d2766f2f35a4cb256b21\generate.stamp.rule">
      <Filter>CMake Rules</Filter>
    </CustomBuild>
    <CustomBuild Include="CMakeFiles\aa70edbcf621d2766f2f35a4cb256b21\ZERO_CHECK.rule">
      <Filter>CMake Rules</Filter>
    </CustomBuild>
  </ItemGroup>
  <ItemGroup>
    <None Include="CMakeFiles\ZERO_CHECK" />
  </ItemGroup>
  <ItemGroup>
    <Filter Include="CMake Rules">
      <UniqueIdentifier>{5991EC51-61CF-4447-AFAA-C54F207191AB}</UniqueIdentifier>
    </Filter>
  </ItemGroup>
</Project>
